// !$*UTF8*$!
{
	archiveVersion = 1;
	classes = {
	};
	objectVersion = 50;
	objects = {

/* Begin PBXBuildFile section */
		B05E1F3626D3B3A800AD9E65 /* AppDelegate.swift in Sources */ = {isa = PBXBuildFile; fileRef = B05E1F3526D3B3A800AD9E65 /* AppDelegate.swift */; };
		B05E1F3826D3B3A800AD9E65 /* SceneDelegate.swift in Sources */ = {isa = PBXBuildFile; fileRef = B05E1F3726D3B3A800AD9E65 /* SceneDelegate.swift */; };
		B05E1F3A26D3B3A800AD9E65 /* ContentView.swift in Sources */ = {isa = PBXBuildFile; fileRef = B05E1F3926D3B3A800AD9E65 /* ContentView.swift */; };
		B05E1F3C26D3B3AB00AD9E65 /* Assets.xcassets in Resources */ = {isa = PBXBuildFile; fileRef = B05E1F3B26D3B3AB00AD9E65 /* Assets.xcassets */; };
		B05E1F3F26D3B3AB00AD9E65 /* Preview Assets.xcassets in Resources */ = {isa = PBXBuildFile; fileRef = B05E1F3E26D3B3AB00AD9E65 /* Preview Assets.xcassets */; };
		B05E1F4226D3B3AB00AD9E65 /* LaunchScreen.storyboard in Resources */ = {isa = PBXBuildFile; fileRef = B05E1F4026D3B3AB00AD9E65 /* LaunchScreen.storyboard */; };
		B05E1F4B26D3B44300AD9E65 /* ChatView.swift in Sources */ = {isa = PBXBuildFile; fileRef = B05E1F4A26D3B44300AD9E65 /* ChatView.swift */; };
		B05E1F4F26D3C9C100AD9E65 /* BluetoothManager.swift in Sources */ = {isa = PBXBuildFile; fileRef = B05E1F4E26D3C9C100AD9E65 /* BluetoothManager.swift */; };
		B05E1F5126D3CADC00AD9E65 /* ServiceModel.swift in Sources */ = {isa = PBXBuildFile; fileRef = B05E1F5026D3CADC00AD9E65 /* ServiceModel.swift */; };
		B05E1F5326D3D3C000AD9E65 /* ConnectionView.swift in Sources */ = {isa = PBXBuildFile; fileRef = B05E1F5226D3D3BF00AD9E65 /* ConnectionView.swift */; };
		B05E1F5526D3DB3400AD9E65 /* BluetoothManagerCentral.swift in Sources */ = {isa = PBXBuildFile; fileRef = B05E1F5426D3DB3400AD9E65 /* BluetoothManagerCentral.swift */; };
		B05E1F5726D3DB5500AD9E65 /* BluetoothManagerPeripheral.swift in Sources */ = {isa = PBXBuildFile; fileRef = B05E1F5626D3DB5500AD9E65 /* BluetoothManagerPeripheral.swift */; };
		B05E1F5926D3E5A400AD9E65 /* ContactView.swift in Sources */ = {isa = PBXBuildFile; fileRef = B05E1F5826D3E5A400AD9E65 /* ContactView.swift */; };
		B05E1F5D26D3ECDD00AD9E65 /* MessageModel.swift in Sources */ = {isa = PBXBuildFile; fileRef = B05E1F5C26D3ECDD00AD9E65 /* MessageModel.swift */; };
		B05E1F5F26D41D7A00AD9E65 /* ChatModel.swift in Sources */ = {isa = PBXBuildFile; fileRef = B05E1F5E26D41D7A00AD9E65 /* ChatModel.swift */; };
		B05E1F6326D41DD400AD9E65 /* CustomScrollView.swift in Sources */ = {isa = PBXBuildFile; fileRef = B05E1F6226D41DD400AD9E65 /* CustomScrollView.swift */; };
		B0C8C33026D4F8E200984BFA /* ThreadManager.swift in Sources */ = {isa = PBXBuildFile; fileRef = B0C8C32F26D4F8E200984BFA /* ThreadManager.swift */; };
/* End PBXBuildFile section */

/* Begin PBXFileReference section */
		B05E1F3226D3B3A800AD9E65 /* bluetoothChat.app */ = {isa = PBXFileReference; explicitFileType = wrapper.application; includeInIndex = 0; path = bluetoothChat.app; sourceTree = BUILT_PRODUCTS_DIR; };
		B05E1F3526D3B3A800AD9E65 /* AppDelegate.swift */ = {isa = PBXFileReference; lastKnownFileType = sourcecode.swift; path = AppDelegate.swift; sourceTree = "<group>"; };
		B05E1F3726D3B3A800AD9E65 /* SceneDelegate.swift */ = {isa = PBXFileReference; lastKnownFileType = sourcecode.swift; path = SceneDelegate.swift; sourceTree = "<group>"; };
		B05E1F3926D3B3A800AD9E65 /* ContentView.swift */ = {isa = PBXFileReference; lastKnownFileType = sourcecode.swift; path = ContentView.swift; sourceTree = "<group>"; };
		B05E1F3B26D3B3AB00AD9E65 /* Assets.xcassets */ = {isa = PBXFileReference; lastKnownFileType = folder.assetcatalog; path = Assets.xcassets; sourceTree = "<group>"; };
		B05E1F3E26D3B3AB00AD9E65 /* Preview Assets.xcassets */ = {isa = PBXFileReference; lastKnownFileType = folder.assetcatalog; path = "Preview Assets.xcassets"; sourceTree = "<group>"; };
		B05E1F4126D3B3AB00AD9E65 /* Base */ = {isa = PBXFileReference; lastKnownFileType = file.storyboard; name = Base; path = Base.lproj/LaunchScreen.storyboard; sourceTree = "<group>"; };
		B05E1F4326D3B3AB00AD9E65 /* Info.plist */ = {isa = PBXFileReference; lastKnownFileType = text.plist.xml; path = Info.plist; sourceTree = "<group>"; };
		B05E1F4A26D3B44300AD9E65 /* ChatView.swift */ = {isa = PBXFileReference; lastKnownFileType = sourcecode.swift; path = ChatView.swift; sourceTree = "<group>"; };
		B05E1F4E26D3C9C100AD9E65 /* BluetoothManager.swift */ = {isa = PBXFileReference; lastKnownFileType = sourcecode.swift; path = BluetoothManager.swift; sourceTree = "<group>"; };
		B05E1F5026D3CADC00AD9E65 /* ServiceModel.swift */ = {isa = PBXFileReference; lastKnownFileType = sourcecode.swift; path = ServiceModel.swift; sourceTree = "<group>"; };
		B05E1F5226D3D3BF00AD9E65 /* ConnectionView.swift */ = {isa = PBXFileReference; lastKnownFileType = sourcecode.swift; path = ConnectionView.swift; sourceTree = "<group>"; };
		B05E1F5426D3DB3400AD9E65 /* BluetoothManagerCentral.swift */ = {isa = PBXFileReference; lastKnownFileType = sourcecode.swift; path = BluetoothManagerCentral.swift; sourceTree = "<group>"; };
		B05E1F5626D3DB5500AD9E65 /* BluetoothManagerPeripheral.swift */ = {isa = PBXFileReference; lastKnownFileType = sourcecode.swift; path = BluetoothManagerPeripheral.swift; sourceTree = "<group>"; };
		B05E1F5826D3E5A400AD9E65 /* ContactView.swift */ = {isa = PBXFileReference; lastKnownFileType = sourcecode.swift; path = ContactView.swift; sourceTree = "<group>"; };
		B05E1F5C26D3ECDD00AD9E65 /* MessageModel.swift */ = {isa = PBXFileReference; lastKnownFileType = sourcecode.swift; path = MessageModel.swift; sourceTree = "<group>"; };
		B05E1F5E26D41D7A00AD9E65 /* ChatModel.swift */ = {isa = PBXFileReference; lastKnownFileType = sourcecode.swift; path = ChatModel.swift; sourceTree = "<group>"; };
		B05E1F6226D41DD400AD9E65 /* CustomScrollView.swift */ = {isa = PBXFileReference; lastKnownFileType = sourcecode.swift; path = CustomScrollView.swift; sourceTree = "<group>"; };
		B0C8C32F26D4F8E200984BFA /* ThreadManager.swift */ = {isa = PBXFileReference; lastKnownFileType = sourcecode.swift; path = ThreadManager.swift; sourceTree = "<group>"; };
/* End PBXFileReference section */

/* Begin PBXFrameworksBuildPhase section */
		B05E1F2F26D3B3A800AD9E65 /* Frameworks */ = {
			isa = PBXFrameworksBuildPhase;
			buildActionMask = 2147483647;
			files = (
			);
			runOnlyForDeploymentPostprocessing = 0;
		};
/* End PBXFrameworksBuildPhase section */

/* Begin PBXGroup section */
		B05E1F2926D3B3A800AD9E65 = {
			isa = PBXGroup;
			children = (
				B05E1F3426D3B3A800AD9E65 /* bluetoothChat */,
				B05E1F3326D3B3A800AD9E65 /* Products */,
			);
			sourceTree = "<group>";
		};
		B05E1F3326D3B3A800AD9E65 /* Products */ = {
			isa = PBXGroup;
			children = (
				B05E1F3226D3B3A800AD9E65 /* bluetoothChat.app */,
			);
			name = Products;
			sourceTree = "<group>";
		};
		B05E1F3426D3B3A800AD9E65 /* bluetoothChat */ = {
			isa = PBXGroup;
			children = (
				B05E1F4926D3B42400AD9E65 /* Views */,
				B05E1F4C26D3C7F200AD9E65 /* Models */,
				B05E1F4D26D3C7FF00AD9E65 /* Controllers */,
				B05E1F3526D3B3A800AD9E65 /* AppDelegate.swift */,
				B05E1F3726D3B3A800AD9E65 /* SceneDelegate.swift */,
				B05E1F3B26D3B3AB00AD9E65 /* Assets.xcassets */,
				B05E1F4026D3B3AB00AD9E65 /* LaunchScreen.storyboard */,
				B05E1F4326D3B3AB00AD9E65 /* Info.plist */,
				B05E1F3D26D3B3AB00AD9E65 /* Preview Content */,
			);
			path = bluetoothChat;
			sourceTree = "<group>";
		};
		B05E1F3D26D3B3AB00AD9E65 /* Preview Content */ = {
			isa = PBXGroup;
			children = (
				B05E1F3E26D3B3AB00AD9E65 /* Preview Assets.xcassets */,
			);
			path = "Preview Content";
			sourceTree = "<group>";
		};
		B05E1F4926D3B42400AD9E65 /* Views */ = {
			isa = PBXGroup;
			children = (
				B05E1F3926D3B3A800AD9E65 /* ContentView.swift */,
				B05E1F5826D3E5A400AD9E65 /* ContactView.swift */,
				B05E1F5226D3D3BF00AD9E65 /* ConnectionView.swift */,
				B05E1F4A26D3B44300AD9E65 /* ChatView.swift */,
			);
			path = Views;
			sourceTree = "<group>";
		};
		B05E1F4C26D3C7F200AD9E65 /* Models */ = {
			isa = PBXGroup;
			children = (
				B05E1F5026D3CADC00AD9E65 /* ServiceModel.swift */,
				B05E1F5C26D3ECDD00AD9E65 /* MessageModel.swift */,
				B05E1F6026D41DB800AD9E65 /* ChatModels */,
			);
			path = Models;
			sourceTree = "<group>";
		};
		B05E1F4D26D3C7FF00AD9E65 /* Controllers */ = {
			isa = PBXGroup;
			children = (
				B0C8C32F26D4F8E200984BFA /* ThreadManager.swift */,
				B05E1F4E26D3C9C100AD9E65 /* BluetoothManager.swift */,
				B05E1F5426D3DB3400AD9E65 /* BluetoothManagerCentral.swift */,
				B05E1F5626D3DB5500AD9E65 /* BluetoothManagerPeripheral.swift */,
			);
			path = Controllers;
			sourceTree = "<group>";
		};
		B05E1F6026D41DB800AD9E65 /* ChatModels */ = {
			isa = PBXGroup;
			children = (
				B05E1F5E26D41D7A00AD9E65 /* ChatModel.swift */,
				B05E1F6226D41DD400AD9E65 /* CustomScrollView.swift */,
			);
			path = ChatModels;
			sourceTree = "<group>";
		};
/* End PBXGroup section */

/* Begin PBXNativeTarget section */
		B05E1F3126D3B3A800AD9E65 /* bluetoothChat */ = {
			isa = PBXNativeTarget;
			buildConfigurationList = B05E1F4626D3B3AB00AD9E65 /* Build configuration list for PBXNativeTarget "bluetoothChat" */;
			buildPhases = (
				B05E1F2E26D3B3A800AD9E65 /* Sources */,
				B05E1F2F26D3B3A800AD9E65 /* Frameworks */,
				B05E1F3026D3B3A800AD9E65 /* Resources */,
			);
			buildRules = (
			);
			dependencies = (
			);
			name = bluetoothChat;
			productName = bluetoothChat;
			productReference = B05E1F3226D3B3A800AD9E65 /* bluetoothChat.app */;
			productType = "com.apple.product-type.application";
		};
/* End PBXNativeTarget section */

/* Begin PBXProject section */
		B05E1F2A26D3B3A800AD9E65 /* Project object */ = {
			isa = PBXProject;
			attributes = {
				LastSwiftUpdateCheck = 1250;
				LastUpgradeCheck = 1250;
				TargetAttributes = {
					B05E1F3126D3B3A800AD9E65 = {
						CreatedOnToolsVersion = 12.5.1;
					};
				};
			};
			buildConfigurationList = B05E1F2D26D3B3A800AD9E65 /* Build configuration list for PBXProject "bluetoothChat" */;
			compatibilityVersion = "Xcode 9.3";
			developmentRegion = en;
			hasScannedForEncodings = 0;
			knownRegions = (
				en,
				Base,
			);
			mainGroup = B05E1F2926D3B3A800AD9E65;
			productRefGroup = B05E1F3326D3B3A800AD9E65 /* Products */;
			projectDirPath = "";
			projectRoot = "";
			targets = (
				B05E1F3126D3B3A800AD9E65 /* bluetoothChat */,
			);
		};
/* End PBXProject section */

/* Begin PBXResourcesBuildPhase section */
		B05E1F3026D3B3A800AD9E65 /* Resources */ = {
			isa = PBXResourcesBuildPhase;
			buildActionMask = 2147483647;
			files = (
				B05E1F4226D3B3AB00AD9E65 /* LaunchScreen.storyboard in Resources */,
				B05E1F3F26D3B3AB00AD9E65 /* Preview Assets.xcassets in Resources */,
				B05E1F3C26D3B3AB00AD9E65 /* Assets.xcassets in Resources */,
			);
			runOnlyForDeploymentPostprocessing = 0;
		};
/* End PBXResourcesBuildPhase section */

/* Begin PBXSourcesBuildPhase section */
		B05E1F2E26D3B3A800AD9E65 /* Sources */ = {
			isa = PBXSourcesBuildPhase;
			buildActionMask = 2147483647;
			files = (
				B05E1F5726D3DB5500AD9E65 /* BluetoothManagerPeripheral.swift in Sources */,
				B05E1F4B26D3B44300AD9E65 /* ChatView.swift in Sources */,
				B05E1F5126D3CADC00AD9E65 /* ServiceModel.swift in Sources */,
				B05E1F5526D3DB3400AD9E65 /* BluetoothManagerCentral.swift in Sources */,
				B05E1F6326D41DD400AD9E65 /* CustomScrollView.swift in Sources */,
				B05E1F3626D3B3A800AD9E65 /* AppDelegate.swift in Sources */,
				B05E1F5326D3D3C000AD9E65 /* ConnectionView.swift in Sources */,
				B05E1F3826D3B3A800AD9E65 /* SceneDelegate.swift in Sources */,
				B05E1F3A26D3B3A800AD9E65 /* ContentView.swift in Sources */,
				B05E1F5D26D3ECDD00AD9E65 /* MessageModel.swift in Sources */,
				B05E1F5926D3E5A400AD9E65 /* ContactView.swift in Sources */,
				B0C8C33026D4F8E200984BFA /* ThreadManager.swift in Sources */,
				B05E1F4F26D3C9C100AD9E65 /* BluetoothManager.swift in Sources */,
				B05E1F5F26D41D7A00AD9E65 /* ChatModel.swift in Sources */,
			);
			runOnlyForDeploymentPostprocessing = 0;
		};
/* End PBXSourcesBuildPhase section */

/* Begin PBXVariantGroup section */
		B05E1F4026D3B3AB00AD9E65 /* LaunchScreen.storyboard */ = {
			isa = PBXVariantGroup;
			children = (
				B05E1F4126D3B3AB00AD9E65 /* Base */,
			);
			name = LaunchScreen.storyboard;
			sourceTree = "<group>";
		};
/* End PBXVariantGroup section */

/* Begin XCBuildConfiguration section */
		B05E1F4426D3B3AB00AD9E65 /* Debug */ = {
			isa = XCBuildConfiguration;
			buildSettings = {
				ALWAYS_SEARCH_USER_PATHS = NO;
				CLANG_ANALYZER_NONNULL = YES;
				CLANG_ANALYZER_NUMBER_OBJECT_CONVERSION = YES_AGGRESSIVE;
				CLANG_CXX_LANGUAGE_STANDARD = "gnu++14";
				CLANG_CXX_LIBRARY = "libc++";
				CLANG_ENABLE_MODULES = YES;
				CLANG_ENABLE_OBJC_ARC = YES;
				CLANG_ENABLE_OBJC_WEAK = YES;
				CLANG_WARN_BLOCK_CAPTURE_AUTORELEASING = YES;
				CLANG_WARN_BOOL_CONVERSION = YES;
				CLANG_WARN_COMMA = YES;
				CLANG_WARN_CONSTANT_CONVERSION = YES;
				CLANG_WARN_DEPRECATED_OBJC_IMPLEMENTATIONS = YES;
				CLANG_WARN_DIRECT_OBJC_ISA_USAGE = YES_ERROR;
				CLANG_WARN_DOCUMENTATION_COMMENTS = YES;
				CLANG_WARN_EMPTY_BODY = YES;
				CLANG_WARN_ENUM_CONVERSION = YES;
				CLANG_WARN_INFINITE_RECURSION = YES;
				CLANG_WARN_INT_CONVERSION = YES;
				CLANG_WARN_NON_LITERAL_NULL_CONVERSION = YES;
				CLANG_WARN_OBJC_IMPLICIT_RETAIN_SELF = YES;
				CLANG_WARN_OBJC_LITERAL_CONVERSION = YES;
				CLANG_WARN_OBJC_ROOT_CLASS = YES_ERROR;
				CLANG_WARN_QUOTED_INCLUDE_IN_FRAMEWORK_HEADER = YES;
				CLANG_WARN_RANGE_LOOP_ANALYSIS = YES;
				CLANG_WARN_STRICT_PROTOTYPES = YES;
				CLANG_WARN_SUSPICIOUS_MOVE = YES;
				CLANG_WARN_UNGUARDED_AVAILABILITY = YES_AGGRESSIVE;
				CLANG_WARN_UNREACHABLE_CODE = YES;
				CLANG_WARN__DUPLICATE_METHOD_MATCH = YES;
				COPY_PHASE_STRIP = NO;
				DEBUG_INFORMATION_FORMAT = dwarf;
				ENABLE_STRICT_OBJC_MSGSEND = YES;
				ENABLE_TESTABILITY = YES;
				GCC_C_LANGUAGE_STANDARD = gnu11;
				GCC_DYNAMIC_NO_PIC = NO;
				GCC_NO_COMMON_BLOCKS = YES;
				GCC_OPTIMIZATION_LEVEL = 0;
				GCC_PREPROCESSOR_DEFINITIONS = (
					"DEBUG=1",
					"$(inherited)",
				);
				GCC_WARN_64_TO_32_BIT_CONVERSION = YES;
				GCC_WARN_ABOUT_RETURN_TYPE = YES_ERROR;
				GCC_WARN_UNDECLARED_SELECTOR = YES;
				GCC_WARN_UNINITIALIZED_AUTOS = YES_AGGRESSIVE;
				GCC_WARN_UNUSED_FUNCTION = YES;
				GCC_WARN_UNUSED_VARIABLE = YES;
				IPHONEOS_DEPLOYMENT_TARGET = 14.5;
				MTL_ENABLE_DEBUG_INFO = INCLUDE_SOURCE;
				MTL_FAST_MATH = YES;
				ONLY_ACTIVE_ARCH = YES;
				SDKROOT = iphoneos;
				SWIFT_ACTIVE_COMPILATION_CONDITIONS = DEBUG;
				SWIFT_OPTIMIZATION_LEVEL = "-Onone";
			};
			name = Debug;
		};
		B05E1F4526D3B3AB00AD9E65 /* Release */ = {
			isa = XCBuildConfiguration;
			buildSettings = {
				ALWAYS_SEARCH_USER_PATHS = NO;
				CLANG_ANALYZER_NONNULL = YES;
				CLANG_ANALYZER_NUMBER_OBJECT_CONVERSION = YES_AGGRESSIVE;
				CLANG_CXX_LANGUAGE_STANDARD = "gnu++14";
				CLANG_CXX_LIBRARY = "libc++";
				CLANG_ENABLE_MODULES = YES;
				CLANG_ENABLE_OBJC_ARC = YES;
				CLANG_ENABLE_OBJC_WEAK = YES;
				CLANG_WARN_BLOCK_CAPTURE_AUTORELEASING = YES;
				CLANG_WARN_BOOL_CONVERSION = YES;
				CLANG_WARN_COMMA = YES;
				CLANG_WARN_CONSTANT_CONVERSION = YES;
				CLANG_WARN_DEPRECATED_OBJC_IMPLEMENTATIONS = YES;
				CLANG_WARN_DIRECT_OBJC_ISA_USAGE = YES_ERROR;
				CLANG_WARN_DOCUMENTATION_COMMENTS = YES;
				CLANG_WARN_EMPTY_BODY = YES;
				CLANG_WARN_ENUM_CONVERSION = YES;
				CLANG_WARN_INFINITE_RECURSION = YES;
				CLANG_WARN_INT_CONVERSION = YES;
				CLANG_WARN_NON_LITERAL_NULL_CONVERSION = YES;
				CLANG_WARN_OBJC_IMPLICIT_RETAIN_SELF = YES;
				CLANG_WARN_OBJC_LITERAL_CONVERSION = YES;
				CLANG_WARN_OBJC_ROOT_CLASS = YES_ERROR;
				CLANG_WARN_QUOTED_INCLUDE_IN_FRAMEWORK_HEADER = YES;
				CLANG_WARN_RANGE_LOOP_ANALYSIS = YES;
				CLANG_WARN_STRICT_PROTOTYPES = YES;
				CLANG_WARN_SUSPICIOUS_MOVE = YES;
				CLANG_WARN_UNGUARDED_AVAILABILITY = YES_AGGRESSIVE;
				CLANG_WARN_UNREACHABLE_CODE = YES;
				CLANG_WARN__DUPLICATE_METHOD_MATCH = YES;
				COPY_PHASE_STRIP = NO;
				DEBUG_INFORMATION_FORMAT = "dwarf-with-dsym";
				ENABLE_NS_ASSERTIONS = NO;
				ENABLE_STRICT_OBJC_MSGSEND = YES;
				GCC_C_LANGUAGE_STANDARD = gnu11;
				GCC_NO_COMMON_BLOCKS = YES;
				GCC_WARN_64_TO_32_BIT_CONVERSION = YES;
				GCC_WARN_ABOUT_RETURN_TYPE = YES_ERROR;
				GCC_WARN_UNDECLARED_SELECTOR = YES;
				GCC_WARN_UNINITIALIZED_AUTOS = YES_AGGRESSIVE;
				GCC_WARN_UNUSED_FUNCTION = YES;
				GCC_WARN_UNUSED_VARIABLE = YES;
				IPHONEOS_DEPLOYMENT_TARGET = 14.5;
				MTL_ENABLE_DEBUG_INFO = NO;
				MTL_FAST_MATH = YES;
				SDKROOT = iphoneos;
				SWIFT_COMPILATION_MODE = wholemodule;
				SWIFT_OPTIMIZATION_LEVEL = "-O";
				VALIDATE_PRODUCT = YES;
			};
			name = Release;
		};
		B05E1F4726D3B3AB00AD9E65 /* Debug */ = {
			isa = XCBuildConfiguration;
			buildSettings = {
				ASSETCATALOG_COMPILER_APPICON_NAME = AppIcon;
				ASSETCATALOG_COMPILER_GLOBAL_ACCENT_COLOR_NAME = AccentColor;
				CODE_SIGN_STYLE = Automatic;
				DEVELOPMENT_ASSET_PATHS = "\"bluetoothChat/Preview Content\"";
				DEVELOPMENT_TEAM = T3U4TGS8MW;
				ENABLE_PREVIEWS = YES;
				INFOPLIST_FILE = bluetoothChat/Info.plist;
				LD_RUNPATH_SEARCH_PATHS = (
					"$(inherited)",
					"@executable_path/Frameworks",
				);
				PRODUCT_BUNDLE_IDENTIFIER = xyz.kaspermunch.minimalBluetooth;
				PRODUCT_NAME = "$(TARGET_NAME)";
				SWIFT_VERSION = 5.0;
				TARGETED_DEVICE_FAMILY = "1,2";
			};
			name = Debug;
		};
		B05E1F4826D3B3AB00AD9E65 /* Release */ = {
			isa = XCBuildConfiguration;
			buildSettings = {
				ASSETCATALOG_COMPILER_APPICON_NAME = AppIcon;
				ASSETCATALOG_COMPILER_GLOBAL_ACCENT_COLOR_NAME = AccentColor;
				CODE_SIGN_STYLE = Automatic;
				DEVELOPMENT_ASSET_PATHS = "\"bluetoothChat/Preview Content\"";
				DEVELOPMENT_TEAM = T3U4TGS8MW;
				ENABLE_PREVIEWS = YES;
				INFOPLIST_FILE = bluetoothChat/Info.plist;
				LD_RUNPATH_SEARCH_PATHS = (
					"$(inherited)",
					"@executable_path/Frameworks",
				);
				PRODUCT_BUNDLE_IDENTIFIER = xyz.kaspermunch.minimalBluetooth;
				PRODUCT_NAME = "$(TARGET_NAME)";
				SWIFT_VERSION = 5.0;
				TARGETED_DEVICE_FAMILY = "1,2";
			};
			name = Release;
		};
/* End XCBuildConfiguration section */

/* Begin XCConfigurationList section */
		B05E1F2D26D3B3A800AD9E65 /* Build configuration list for PBXProject "bluetoothChat" */ = {
			isa = XCConfigurationList;
			buildConfigurations = (
				B05E1F4426D3B3AB00AD9E65 /* Debug */,
				B05E1F4526D3B3AB00AD9E65 /* Release */,
			);
			defaultConfigurationIsVisible = 0;
			defaultConfigurationName = Release;
		};
		B05E1F4626D3B3AB00AD9E65 /* Build configuration list for PBXNativeTarget "bluetoothChat" */ = {
			isa = XCConfigurationList;
			buildConfigurations = (
				B05E1F4726D3B3AB00AD9E65 /* Debug */,
				B05E1F4826D3B3AB00AD9E65 /* Release */,
			);
			defaultConfigurationIsVisible = 0;
			defaultConfigurationName = Release;
		};
/* End XCConfigurationList section */
	};
	rootObject = B05E1F2A26D3B3A800AD9E65 /* Project object */;
}
